{
  "version": "5",
  "remote": {
    "https://edge.netlify.com/": "fd941d61d88673d5f28aab283fb86fcc50f08a3bc80ee5470498fcfa88c65cfb",
    "https://edge.netlify.com/bootstrap/config.ts": "6a2ce0e544e15e8f8883a5c18da5948e37fd0f2619f68cb31f3af53c51817025",
    "https://edge.netlify.com/bootstrap/context.ts": "e97240232121e2f369f6546ce961490f34d961ea1ea54be3ff09633e3f08373f",
    "https://edge.netlify.com/bootstrap/cookie.ts": "8b0baae708989ca183c6f3b4ab3d029e6abcbc2e43f93edeb0ff447b3bbc3a05",
    "https://edge.netlify.com/bootstrap/edge_function.ts": "b8253e86aa83c67341f5cfedeba5049d77fbf84dcab7eceff7566b7728ae9b39",
    "https://edge.netlify.com/bootstrap/globals/types.ts": "eaa6148ded3121d8dee62dd91c86e7fe76601df0f3ca8d7962243a30f4c8935f"
  },
  "workspace": {
    "packageJson": {
      "dependencies": [
        "npm:@astrojs/check@~0.9.6",
        "npm:@astrojs/mdx@^4.3.12",
        "npm:@aws-sdk/client-s3@^3.946.0",
        "npm:@aws-sdk/credential-providers@^3.946.0",
        "npm:@biomejs/biome@^1.9.4",
        "npm:@libsql/client@~0.15.15",
        "npm:@picocss/pico@^2.1.1",
        "npm:@types/bun@latest",
        "npm:@types/hast@^3.0.4",
        "npm:astro@^5.14.6",
        "npm:drizzle-kit@~0.31.8",
        "npm:drizzle-orm@0.45",
        "npm:prettier-plugin-astro@~0.14.1",
        "npm:prettier@^3.7.4",
        "npm:rehype-external-links@3",
        "npm:sharp@~0.34.5",
        "npm:typescript@^5.3.3",
        "npm:unist-util-visit@5"
      ]
    },
    "members": {
      "admin": {
        "packageJson": {
          "dependencies": [
            "npm:@netlify/functions@^2.8.2",
            "npm:@tailwindcss/typography@~0.5.19",
            "npm:@tiptap/extension-image@^3.14.0",
            "npm:@tiptap/extension-link@^3.14.0",
            "npm:@tiptap/pm@^3.14.0",
            "npm:@tiptap/react@^3.14.0",
            "npm:@tiptap/starter-kit@^3.14.0",
            "npm:@types/dompurify@^3.2.0",
            "npm:@types/jsonwebtoken@^9.0.7",
            "npm:@types/react-dom@^18.3.1",
            "npm:@types/react@^18.3.12",
            "npm:@types/turndown@^5.0.6",
            "npm:@vitejs/plugin-react@^4.3.4",
            "npm:autoprefixer@^10.4.20",
            "npm:dompurify@^3.3.1",
            "npm:jsonwebtoken@^9.0.2",
            "npm:marked@^17.0.1",
            "npm:postcss@^8.4.49",
            "npm:react-dom@^18.3.1",
            "npm:react-markdown@^10.1.0",
            "npm:react-router-dom@^6.28.0",
            "npm:react@^18.3.1",
            "npm:tailwindcss@^3.4.15",
            "npm:turndown@^7.2.2",
            "npm:typescript@^5.3.3",
            "npm:vite@^6.0.3"
          ]
        }
      },
      "api": {
        "packageJson": {
          "dependencies": [
            "npm:@aws-sdk/client-s3@^3.600.0",
            "npm:@types/bun@latest",
            "npm:drizzle-orm@0.45",
            "npm:exif-reader@^2.0.3",
            "npm:hono@^4.6.0",
            "npm:typescript@^5.3.3",
            "npm:zod@^3.23.0"
          ]
        }
      },
      "packages/db": {
        "packageJson": {
          "dependencies": [
            "npm:@libsql/client@~0.15.15",
            "npm:drizzle-orm@0.45",
            "npm:exif-reader@^2.0.3"
          ]
        }
      },
      "packages/image-utils": {
        "packageJson": {
          "dependencies": [
            "npm:@aws-sdk/client-s3@^3.946.0",
            "npm:@types/bun@latest",
            "npm:heic-convert@^2.1.0",
            "npm:sharp@~0.34.5"
          ]
        }
      },
      "web": {
        "packageJson": {
          "dependencies": [
            "npm:@astrojs/check@~0.9.4",
            "npm:@astrojs/mdx@^4.3.7",
            "npm:@picocss/pico@^2.0.6",
            "npm:astro@^5.14.6",
            "npm:drizzle-orm@0.45",
            "npm:prettier-plugin-astro@~0.14.1",
            "npm:prettier@^3.6.2",
            "npm:rehype-external-links@3",
            "npm:typescript@^5.6.3"
          ]
        }
      }
    }
  }
}
